
Microsoft Visual Studio Solution File, Format Version 12.00
# Visual Studio Version 16
VisualStudioVersion = 16.0.30503.244
MinimumVisualStudioVersion = 10.0.40219.1
Project("{FAE04EC0-301F-11D3-BF4B-00C04F79EFBC}") = "ReactionTester", "ReactionTester\ReactionTester.csproj", "{C81170A6-7FD3-40F3-830A-5004DC8C0572}"
EndProject
Global
	GlobalSection(SolutionConfigurationPlatforms) = preSolution
		Debug|Any CPU = Debug|Any CPU
		Release|Any CPU = Release|Any CPU
	EndGlobalSection
	GlobalSection(ProjectConfigurationPlatforms) = postSolution
		{C81170A6-7FD3-40F3-830A-5004DC8C0572}.Debug|Any CPU.ActiveCfg = Debug|Any CPU
		{C81170A6-7FD3-40F3-830A-5004DC8C0572}.Debug|Any CPU.Build.0 = Debug|Any CPU
		{C81170A6-7FD3-40F3-830A-5004DC8C0572}.Release|Any CPU.ActiveCfg = Release|Any CPU
		{C81170A6-7FD3-40F3-830A-5004DC8C0572}.Release|Any CPU.Build.0 = Release|Any CPU
	EndGlobalSection
	GlobalSection(SolutionProperties) = preSolution
		HideSolutionNode = FALSE
	EndGlobalSection
	GlobalSection(ExtensibilityGlobals) = postSolution
		SolutionGuid = {4F5E565B-7B24-4AC9-9DD3-10FBA89296A1}
	EndGlobalSection
EndGlobal
